{
  "name": "knxtest",
  "version": "1.0.0",
  "lockfileVersion": 3,
  "requires": true,
  "packages": {
    "": {
      "name": "knxtest",
      "version": "1.0.0",
      "license": "ISC",
      "dependencies": {
        "knx-ip": "^0.3.0",
        "knxultimate": "^3.0.4"
      }
    },
    "node_modules/binary-parser": {
      "version": "2.2.1",
      "resolved": "https://registry.npmjs.org/binary-parser/-/binary-parser-2.2.1.tgz",
      "integrity": "sha512-5ATpz/uPDgq5GgEDxTB4ouXCde7q2lqAQlSdBRQVl/AJnxmQmhIfyxJx+0MGu//D5rHQifkfGbWWlaysG0o9NA==",
      "engines": {
        "node": ">=12"
      }
    },
    "node_modules/crypto-js": {
      "version": "4.2.0",
      "resolved": "https://registry.npmjs.org/crypto-js/-/crypto-js-4.2.0.tgz",
      "integrity": "sha512-KALDyEYgpY+Rlob/iriUtjV6d5Eq+Y191A5g4UqLAi8CyGP9N1+FdVbkc1SxKc2r4YAYqG8JzO2KGL+AizD70Q=="
    },
    "node_modules/just-performance": {
      "version": "4.3.0",
      "resolved": "https://registry.npmjs.org/just-performance/-/just-performance-4.3.0.tgz",
      "integrity": "sha512-L7RjvtJsL0QO8xFs5wEoDDzzJwoiowRw6Rn/GnvldlchS2JQr9wFYPiwZcDfrbbujEKqKN0tvENdbjXdYhDp5Q=="
    },
    "node_modules/knx-ip": {
      "version": "0.3.0",
      "resolved": "https://registry.npmjs.org/knx-ip/-/knx-ip-0.3.0.tgz",
      "integrity": "sha512-rtfWynaLC5ZMHxovrEO7IzZKJZnvm7+MH/BZkLKrA9wYKuGFvMHsNWsIZ0GvHl/77dH4/vTdH3v3P6xgfp/7cQ==",
      "engines": {
        "node": ">=10.13.0"
      }
    },
    "node_modules/knxultimate": {
      "version": "3.0.4",
      "resolved": "https://registry.npmjs.org/knxultimate/-/knxultimate-3.0.4.tgz",
      "integrity": "sha512-aoxVOTZHzJS26LpnZ6axw93WQgLCpKqp/2pMLhuHOlWfuyCZo7hS7OjFpRig2Sq7JXfvPRrq5HBXSq6QAtrrbw==",
      "dependencies": {
        "binary-parser": "2.2.1",
        "crypto-js": "4.2.0",
        "limiter": "2.1.0",
        "mkdirp": "3.0.1",
        "node-color-log": "12.0.1",
        "xml2js": "0.6.0"
      },
      "engines": {
        "node": ">=14"
      }
    },
    "node_modules/limiter": {
      "version": "2.1.0",
      "resolved": "https://registry.npmjs.org/limiter/-/limiter-2.1.0.tgz",
      "integrity": "sha512-361TYz6iay6n+9KvUUImqdLuFigK+K79qrUtBsXhJTLdH4rIt/r1y8r1iozwh8KbZNpujbFTSh74mJ7bwbAMOw==",
      "dependencies": {
        "just-performance": "4.3.0"
      }
    },
    "node_modules/mkdirp": {
      "version": "3.0.1",
      "resolved": "https://registry.npmjs.org/mkdirp/-/mkdirp-3.0.1.tgz",
      "integrity": "sha512-+NsyUUAZDmo6YVHzL/stxSu3t9YS1iljliy3BSDrXJ/dkn1KYdmtZODGGjLcc9XLgVVpH4KshHB8XmZgMhaBXg==",
      "bin": {
        "mkdirp": "dist/cjs/src/bin.js"
      },
      "engines": {
        "node": ">=10"
      },
      "funding": {
        "url": "https://github.com/sponsors/isaacs"
      }
    },
    "node_modules/node-color-log": {
      "version": "12.0.1",
      "resolved": "https://registry.npmjs.org/node-color-log/-/node-color-log-12.0.1.tgz",
      "integrity": "sha512-fhbWy00HXAVucPHoji9KNZRtXHcDKuMoVJ3QA+vaMEcAyK6psmJAf5TF9t2SmkybuHz0jre+jgUDyXcFmpgSNg=="
    },
    "node_modules/sax": {
      "version": "1.4.1",
      "resolved": "https://registry.npmjs.org/sax/-/sax-1.4.1.tgz",
      "integrity": "sha512-+aWOz7yVScEGoKNd4PA10LZ8sk0A/z5+nXQG5giUO5rprX9jgYsTdov9qCchZiPIZezbZH+jRut8nPodFAX4Jg=="
    },
    "node_modules/xml2js": {
      "version": "0.6.0",
      "resolved": "https://registry.npmjs.org/xml2js/-/xml2js-0.6.0.tgz",
      "integrity": "sha512-eLTh0kA8uHceqesPqSE+VvO1CDDJWMwlQfB6LuN6T8w6MaDJ8Txm8P7s5cHD0miF0V+GGTZrDQfxPZQVsur33w==",
      "dependencies": {
        "sax": ">=0.6.0",
        "xmlbuilder": "~11.0.0"
      },
      "engines": {
        "node": ">=4.0.0"
      }
    },
    "node_modules/xmlbuilder": {
      "version": "11.0.1",
      "resolved": "https://registry.npmjs.org/xmlbuilder/-/xmlbuilder-11.0.1.tgz",
      "integrity": "sha512-fDlsI/kFEx7gLvbecc0/ohLG50fugQp8ryHzMTuW9vSa1GJ0XYWKnhsUx7oie3G98+r56aTQIUB4kht42R3JvA==",
      "engines": {
        "node": ">=4.0"
      }
    }
  }
}
